
Microsoft Visual Studio Solution File, Format Version 12.00
# Visual Studio 2012
Project("{FAE04EC0-301F-11D3-BF4B-00C04F79EFBC}") = "Humanizer.Tests", "Humanizer.Tests\Humanizer.Tests.csproj", "{F886A8DA-3EFC-4A89-91DD-06FAF13DA172}"
EndProject
Project("{FAE04EC0-301F-11D3-BF4B-00C04F79EFBC}") = "Humanizer", "Humanizer\Humanizer.csproj", "{511A7984-F455-4A6E-ADB9-9CAAC47EA079}"
EndProject
Project("{2150E333-8FDC-42A3-9474-1A3956D46DE8}") = "Solution Items", "Solution Items", "{4779A7C9-9ED8-4146-A158-FBE0B1BE09D9}"
	ProjectSection(SolutionItems) = preProject
		..\.gitattributes = ..\.gitattributes
		..\.gitignore = ..\.gitignore
		CNAME.txt = CNAME.txt
		Humanizer.nuspec = Humanizer.nuspec
		..\LICENSE = ..\LICENSE
		..\readme.md = ..\readme.md
		..\release_notes.md = ..\release_notes.md
	EndProjectSection
EndProject
Project("{2150E333-8FDC-42A3-9474-1A3956D46DE8}") = "Build", "Build", "{97AAE24D-0488-42AE-A585-86D882F23D5F}"
	ProjectSection(SolutionItems) = preProject
		..\build.cmd = ..\build.cmd
		..\build.config = ..\build.config
		..\build.proj = ..\build.proj
		Humanizer.ruleset = Humanizer.ruleset
	EndProjectSection
EndProject
Global
	GlobalSection(SolutionConfigurationPlatforms) = preSolution
		Debug|Any CPU = Debug|Any CPU
		Release|Any CPU = Release|Any CPU
	EndGlobalSection
	GlobalSection(ProjectConfigurationPlatforms) = postSolution
		{F886A8DA-3EFC-4A89-91DD-06FAF13DA172}.Debug|Any CPU.ActiveCfg = Debug|Any CPU
		{F886A8DA-3EFC-4A89-91DD-06FAF13DA172}.Debug|Any CPU.Build.0 = Debug|Any CPU
		{F886A8DA-3EFC-4A89-91DD-06FAF13DA172}.Release|Any CPU.ActiveCfg = Release|Any CPU
		{F886A8DA-3EFC-4A89-91DD-06FAF13DA172}.Release|Any CPU.Build.0 = Release|Any CPU
		{511A7984-F455-4A6E-ADB9-9CAAC47EA079}.Debug|Any CPU.ActiveCfg = Debug|Any CPU
		{511A7984-F455-4A6E-ADB9-9CAAC47EA079}.Debug|Any CPU.Build.0 = Debug|Any CPU
		{511A7984-F455-4A6E-ADB9-9CAAC47EA079}.Release|Any CPU.ActiveCfg = Release|Any CPU
		{511A7984-F455-4A6E-ADB9-9CAAC47EA079}.Release|Any CPU.Build.0 = Release|Any CPU
	EndGlobalSection
	GlobalSection(SolutionProperties) = preSolution
		HideSolutionNode = FALSE
	EndGlobalSection
	GlobalSection(NestedProjects) = preSolution
		{97AAE24D-0488-42AE-A585-86D882F23D5F} = {4779A7C9-9ED8-4146-A158-FBE0B1BE09D9}
	EndGlobalSection
EndGlobal
